
Microsoft Visual Studio Solution File, Format Version 12.00
# Visual Studio Version 16
VisualStudioVersion = 16.0.29728.190
MinimumVisualStudioVersion = 10.0.40219.1
Project("{FAE04EC0-301F-11D3-BF4B-00C04F79EFBC}") = "Any Integer", "Any Integer\Any Integer.csproj", "{332927CE-294C-45F0-81F0-39E61280AA5D}"
EndProject
Global
	GlobalSection(SolutionConfigurationPlatforms) = preSolution
		Debug|Any CPU = Debug|Any CPU
		Release|Any CPU = Release|Any CPU
	EndGlobalSection
	GlobalSection(ProjectConfigurationPlatforms) = postSolution
		{332927CE-294C-45F0-81F0-39E61280AA5D}.Debug|Any CPU.ActiveCfg = Debug|Any CPU
		{332927CE-294C-45F0-81F0-39E61280AA5D}.Debug|Any CPU.Build.0 = Debug|Any CPU
		{332927CE-294C-45F0-81F0-39E61280AA5D}.Release|Any CPU.ActiveCfg = Release|Any CPU
		{332927CE-294C-45F0-81F0-39E61280AA5D}.Release|Any CPU.Build.0 = Release|Any CPU
	EndGlobalSection
	GlobalSection(SolutionProperties) = preSolution
		HideSolutionNode = FALSE
	EndGlobalSection
	GlobalSection(ExtensibilityGlobals) = postSolution
		SolutionGuid = {CC755BDD-541F-4791-9AF1-73B48AE726B6}
	EndGlobalSection
EndGlobal
